
Microsoft Visual Studio Solution File, Format Version 12.00
Project("{FAE04EC0-301F-11D3-BF4B-00C04F79EFBC}") = "Parking.Domain", "Parking.Domain\Parking.Domain.csproj", "{73918DA5-1420-494D-9A3E-D17D2DFC0DFD}"
EndProject
Project("{2150E333-8FDC-42A3-9474-1A3956D46DE8}") = "Akka", "Akka", "{DB0E858F-2339-442F-9645-84D540DC5ABD}"
EndProject
Project("{FAE04EC0-301F-11D3-BF4B-00C04F79EFBC}") = "Akka.Ask", "Akka.Ask\Akka.Ask.csproj", "{FB09E681-D35A-4BBF-BF7A-B538CECDCD3A}"
EndProject
Project("{FAE04EC0-301F-11D3-BF4B-00C04F79EFBC}") = "Akka.Tell", "Akka.Tell\Akka.Tell.csproj", "{201546EE-E7B1-4C1D-8C91-29543CBDB751}"
EndProject
Global
	GlobalSection(SolutionConfigurationPlatforms) = preSolution
		Debug|Any CPU = Debug|Any CPU
		Release|Any CPU = Release|Any CPU
	EndGlobalSection
	GlobalSection(ProjectConfigurationPlatforms) = postSolution
		{73918DA5-1420-494D-9A3E-D17D2DFC0DFD}.Debug|Any CPU.ActiveCfg = Debug|Any CPU
		{73918DA5-1420-494D-9A3E-D17D2DFC0DFD}.Debug|Any CPU.Build.0 = Debug|Any CPU
		{73918DA5-1420-494D-9A3E-D17D2DFC0DFD}.Release|Any CPU.ActiveCfg = Release|Any CPU
		{73918DA5-1420-494D-9A3E-D17D2DFC0DFD}.Release|Any CPU.Build.0 = Release|Any CPU
		{FB09E681-D35A-4BBF-BF7A-B538CECDCD3A}.Debug|Any CPU.ActiveCfg = Debug|Any CPU
		{FB09E681-D35A-4BBF-BF7A-B538CECDCD3A}.Debug|Any CPU.Build.0 = Debug|Any CPU
		{FB09E681-D35A-4BBF-BF7A-B538CECDCD3A}.Release|Any CPU.ActiveCfg = Release|Any CPU
		{FB09E681-D35A-4BBF-BF7A-B538CECDCD3A}.Release|Any CPU.Build.0 = Release|Any CPU
		{201546EE-E7B1-4C1D-8C91-29543CBDB751}.Debug|Any CPU.ActiveCfg = Debug|Any CPU
		{201546EE-E7B1-4C1D-8C91-29543CBDB751}.Debug|Any CPU.Build.0 = Debug|Any CPU
		{201546EE-E7B1-4C1D-8C91-29543CBDB751}.Release|Any CPU.ActiveCfg = Release|Any CPU
		{201546EE-E7B1-4C1D-8C91-29543CBDB751}.Release|Any CPU.Build.0 = Release|Any CPU
	EndGlobalSection
	GlobalSection(NestedProjects) = preSolution
		{FB09E681-D35A-4BBF-BF7A-B538CECDCD3A} = {DB0E858F-2339-442F-9645-84D540DC5ABD}
		{201546EE-E7B1-4C1D-8C91-29543CBDB751} = {DB0E858F-2339-442F-9645-84D540DC5ABD}
	EndGlobalSection
EndGlobal
