
Microsoft Visual Studio Solution File, Format Version 12.00
Project("{FAE04EC0-301F-11D3-BF4B-00C04F79EFBC}") = "Parking.Domain", "Parking.Domain\Parking.Domain.csproj", "{73918DA5-1420-494D-9A3E-D17D2DFC0DFD}"
EndProject
Project("{2150E333-8FDC-42A3-9474-1A3956D46DE8}") = "Akka", "Akka", "{DB0E858F-2339-442F-9645-84D540DC5ABD}"
EndProject
Project("{FAE04EC0-301F-11D3-BF4B-00C04F79EFBC}") = "Akka.Ask", "Akka.Ask\Akka.Ask.csproj", "{FB09E681-D35A-4BBF-BF7A-B538CECDCD3A}"
EndProject
Project("{FAE04EC0-301F-11D3-BF4B-00C04F79EFBC}") = "Akka.Tell", "Akka.Tell\Akka.Tell.csproj", "{201546EE-E7B1-4C1D-8C91-29543CBDB751}"
EndProject
Project("{2150E333-8FDC-42A3-9474-1A3956D46DE8}") = "Mediatr", "Mediatr", "{CED33F54-A955-41BC-A7F2-B3276F7BA046}"
EndProject
Project("{FAE04EC0-301F-11D3-BF4B-00C04F79EFBC}") = "Mediatr.Send", "Mediatr.Send\Mediatr.Send.csproj", "{74814B9A-A241-45C8-AC88-5A252B1F71A0}"
EndProject
Project("{FAE04EC0-301F-11D3-BF4B-00C04F79EFBC}") = "Mediatr.Publish", "Mediatr.Publish\Mediatr.Publish.csproj", "{9EEF5F9F-4919-4437-B875-6670BAD641A7}"
EndProject
Project("{FAE04EC0-301F-11D3-BF4B-00C04F79EFBC}") = "MicroBus.Send", "MicroBus.Send\MicroBus.Send.csproj", "{73E254D2-F6D0-476B-84E9-63DE66D6CBED}"
EndProject
Project("{2150E333-8FDC-42A3-9474-1A3956D46DE8}") = "MicroBus", "MicroBus", "{4A6BEEC4-C2C4-48DF-8832-566A42C2912B}"
EndProject
Project("{FAE04EC0-301F-11D3-BF4B-00C04F79EFBC}") = "MicroBus.Query", "MicroBus.Query\MicroBus.Query.csproj", "{B6D01B6F-4398-4247-ACBB-341212F80E54}"
EndProject
Project("{FAE04EC0-301F-11D3-BF4B-00C04F79EFBC}") = "Brighter", "Brighter\Brighter.csproj", "{63A563C7-A449-43CE-8330-BA938AC595A7}"
EndProject
Project("{2150E333-8FDC-42A3-9474-1A3956D46DE8}") = ".Other Files", ".Other Files", "{193C9693-2D52-4FD8-BCF6-08297990CD0A}"
	ProjectSection(SolutionItems) = preProject
		Directory.Build.props = Directory.Build.props
	EndProjectSection
EndProject
Project("{FAE04EC0-301F-11D3-BF4B-00C04F79EFBC}") = "NoFramework", "NoFramework\NoFramework.csproj", "{63278099-4A3B-45B1-9959-AA4CEB03ADA2}"
EndProject
Global
	GlobalSection(SolutionConfigurationPlatforms) = preSolution
		Debug|Any CPU = Debug|Any CPU
		Release|Any CPU = Release|Any CPU
	EndGlobalSection
	GlobalSection(ProjectConfigurationPlatforms) = postSolution
		{73918DA5-1420-494D-9A3E-D17D2DFC0DFD}.Debug|Any CPU.ActiveCfg = Debug|Any CPU
		{73918DA5-1420-494D-9A3E-D17D2DFC0DFD}.Debug|Any CPU.Build.0 = Debug|Any CPU
		{73918DA5-1420-494D-9A3E-D17D2DFC0DFD}.Release|Any CPU.ActiveCfg = Release|Any CPU
		{73918DA5-1420-494D-9A3E-D17D2DFC0DFD}.Release|Any CPU.Build.0 = Release|Any CPU
		{FB09E681-D35A-4BBF-BF7A-B538CECDCD3A}.Debug|Any CPU.ActiveCfg = Debug|Any CPU
		{FB09E681-D35A-4BBF-BF7A-B538CECDCD3A}.Debug|Any CPU.Build.0 = Debug|Any CPU
		{FB09E681-D35A-4BBF-BF7A-B538CECDCD3A}.Release|Any CPU.ActiveCfg = Release|Any CPU
		{FB09E681-D35A-4BBF-BF7A-B538CECDCD3A}.Release|Any CPU.Build.0 = Release|Any CPU
		{201546EE-E7B1-4C1D-8C91-29543CBDB751}.Debug|Any CPU.ActiveCfg = Debug|Any CPU
		{201546EE-E7B1-4C1D-8C91-29543CBDB751}.Debug|Any CPU.Build.0 = Debug|Any CPU
		{201546EE-E7B1-4C1D-8C91-29543CBDB751}.Release|Any CPU.ActiveCfg = Release|Any CPU
		{201546EE-E7B1-4C1D-8C91-29543CBDB751}.Release|Any CPU.Build.0 = Release|Any CPU
		{74814B9A-A241-45C8-AC88-5A252B1F71A0}.Debug|Any CPU.ActiveCfg = Debug|Any CPU
		{74814B9A-A241-45C8-AC88-5A252B1F71A0}.Debug|Any CPU.Build.0 = Debug|Any CPU
		{74814B9A-A241-45C8-AC88-5A252B1F71A0}.Release|Any CPU.ActiveCfg = Release|Any CPU
		{74814B9A-A241-45C8-AC88-5A252B1F71A0}.Release|Any CPU.Build.0 = Release|Any CPU
		{9EEF5F9F-4919-4437-B875-6670BAD641A7}.Debug|Any CPU.ActiveCfg = Debug|Any CPU
		{9EEF5F9F-4919-4437-B875-6670BAD641A7}.Debug|Any CPU.Build.0 = Debug|Any CPU
		{9EEF5F9F-4919-4437-B875-6670BAD641A7}.Release|Any CPU.ActiveCfg = Release|Any CPU
		{9EEF5F9F-4919-4437-B875-6670BAD641A7}.Release|Any CPU.Build.0 = Release|Any CPU
		{73E254D2-F6D0-476B-84E9-63DE66D6CBED}.Debug|Any CPU.ActiveCfg = Debug|Any CPU
		{73E254D2-F6D0-476B-84E9-63DE66D6CBED}.Debug|Any CPU.Build.0 = Debug|Any CPU
		{73E254D2-F6D0-476B-84E9-63DE66D6CBED}.Release|Any CPU.ActiveCfg = Release|Any CPU
		{73E254D2-F6D0-476B-84E9-63DE66D6CBED}.Release|Any CPU.Build.0 = Release|Any CPU
		{B6D01B6F-4398-4247-ACBB-341212F80E54}.Debug|Any CPU.ActiveCfg = Debug|Any CPU
		{B6D01B6F-4398-4247-ACBB-341212F80E54}.Debug|Any CPU.Build.0 = Debug|Any CPU
		{B6D01B6F-4398-4247-ACBB-341212F80E54}.Release|Any CPU.ActiveCfg = Release|Any CPU
		{B6D01B6F-4398-4247-ACBB-341212F80E54}.Release|Any CPU.Build.0 = Release|Any CPU
		{63A563C7-A449-43CE-8330-BA938AC595A7}.Debug|Any CPU.ActiveCfg = Debug|Any CPU
		{63A563C7-A449-43CE-8330-BA938AC595A7}.Debug|Any CPU.Build.0 = Debug|Any CPU
		{63A563C7-A449-43CE-8330-BA938AC595A7}.Release|Any CPU.ActiveCfg = Release|Any CPU
		{63A563C7-A449-43CE-8330-BA938AC595A7}.Release|Any CPU.Build.0 = Release|Any CPU
		{63278099-4A3B-45B1-9959-AA4CEB03ADA2}.Debug|Any CPU.ActiveCfg = Debug|Any CPU
		{63278099-4A3B-45B1-9959-AA4CEB03ADA2}.Debug|Any CPU.Build.0 = Debug|Any CPU
		{63278099-4A3B-45B1-9959-AA4CEB03ADA2}.Release|Any CPU.ActiveCfg = Release|Any CPU
		{63278099-4A3B-45B1-9959-AA4CEB03ADA2}.Release|Any CPU.Build.0 = Release|Any CPU
	EndGlobalSection
	GlobalSection(NestedProjects) = preSolution
		{FB09E681-D35A-4BBF-BF7A-B538CECDCD3A} = {DB0E858F-2339-442F-9645-84D540DC5ABD}
		{201546EE-E7B1-4C1D-8C91-29543CBDB751} = {DB0E858F-2339-442F-9645-84D540DC5ABD}
		{74814B9A-A241-45C8-AC88-5A252B1F71A0} = {CED33F54-A955-41BC-A7F2-B3276F7BA046}
		{9EEF5F9F-4919-4437-B875-6670BAD641A7} = {CED33F54-A955-41BC-A7F2-B3276F7BA046}
		{73E254D2-F6D0-476B-84E9-63DE66D6CBED} = {4A6BEEC4-C2C4-48DF-8832-566A42C2912B}
		{B6D01B6F-4398-4247-ACBB-341212F80E54} = {4A6BEEC4-C2C4-48DF-8832-566A42C2912B}
	EndGlobalSection
EndGlobal
